
Microsoft Visual Studio Solution File, Format Version 12.00
# Visual Studio 15
VisualStudioVersion = 15.0.28307.779
MinimumVisualStudioVersion = 10.0.40219.1
Project("{159641D6-6404-4A2A-AE62-294DE0FE8301}") = "Semana072", "Semana072\Semana072.dtproj", "{3E09CBB3-65BB-487F-B32B-FDDBF08F6A8D}"
EndProject
Global
	GlobalSection(SolutionConfigurationPlatforms) = preSolution
		Development|Default = Development|Default
	EndGlobalSection
	GlobalSection(ProjectConfigurationPlatforms) = postSolution
		{3E09CBB3-65BB-487F-B32B-FDDBF08F6A8D}.Development|Default.ActiveCfg = Development
		{3E09CBB3-65BB-487F-B32B-FDDBF08F6A8D}.Development|Default.Build.0 = Development
	EndGlobalSection
	GlobalSection(SolutionProperties) = preSolution
		HideSolutionNode = FALSE
	EndGlobalSection
	GlobalSection(ExtensibilityGlobals) = postSolution
		SolutionGuid = {AC7C31F6-3AB4-4CD1-AFB4-472AEB71FC65}
	EndGlobalSection
EndGlobal
