
Microsoft Visual Studio Solution File, Format Version 12.00
# Visual Studio 15
VisualStudioVersion = 15.0.28307.779
MinimumVisualStudioVersion = 10.0.40219.1
Project("{159641D6-6404-4A2A-AE62-294DE0FE8301}") = "Laboratorio7", "Laboratorio7\Laboratorio7.dtproj", "{793ED199-89CD-404B-9546-69FB1A35A8C2}"
EndProject
Global
	GlobalSection(SolutionConfigurationPlatforms) = preSolution
		Development|Default = Development|Default
	EndGlobalSection
	GlobalSection(ProjectConfigurationPlatforms) = postSolution
		{793ED199-89CD-404B-9546-69FB1A35A8C2}.Development|Default.ActiveCfg = Development
		{793ED199-89CD-404B-9546-69FB1A35A8C2}.Development|Default.Build.0 = Development
	EndGlobalSection
	GlobalSection(SolutionProperties) = preSolution
		HideSolutionNode = FALSE
	EndGlobalSection
	GlobalSection(ExtensibilityGlobals) = postSolution
		SolutionGuid = {1B450F4A-00F4-4690-B350-E7903AC12E84}
	EndGlobalSection
EndGlobal
